lockfileVersion: '9.0'

settings:
  autoInstallPeers: true
  excludeLinksFromLockfile: false

importers:

  .:
    devDependencies:
      '@biomejs/biome':
        specifier: 2.5.4
        version: 2.5.4

packages:

  '@biomejs/biome@2.5.4':
    resolution: {integrity: sha512-xy5FNE5kQJKyK5MR1gJy6ztXYx4WBAbYGlK04lMEgmyPRWKybY9NFwiG9yo0XdzOU8Xvhj41u034J1ywfoWfMw==}
    engines: {node: '>=14.21.3'}
    hasBin: true

  '@biomejs/cli-darwin-arm64@2.5.4':
    resolution: {integrity: sha512-4o3NFRobXHynkgcFVrlZsoDAFtF2ldlEGN8sORSws5ZQqyY4PXnPUIylu4ksfyHuwkfvDREuWh3JK+niRwGq3w==}
    engines: {node: '>=14.21.3'}
    cpu: [arm64]
    os: [darwin]

  '@biomejs/cli-darwin-x64@2.5.4':
    resolution: {integrity: sha512-D32P5HkU2Y6PySuC/WsVDTOgsDwVFmujzhhhOQjajtATpVWFDXuVd3oRbsWNSEA+aaFzyzZm22szsyydBYlSyQ==}
    engines: {node: '>=14.21.3'}
    cpu: [x64]
    os: [darwin]

  '@biomejs/cli-linux-arm64-musl@2.5.4':
    resolution: {integrity: sha512-Rpm5/AT1m+DlJmUoYvS4/vXc+0tXJPJ2NQz25TGPyHVF5JrWy75PE0GH6kVxsKtQDuCH4OgzquZq0R4kj/wCVg==}
    engines: {node: '>=14.21.3'}
    cpu: [arm64]
    os: [linux]
    libc: [musl]

  '@biomejs/cli-linux-arm64@2.5.4':
    resolution: {integrity: sha512-pSEfW7B8kTsXUjUxC1xVVK+y85Ht3C5XxZ9gclmC7/3Ku9Vqz8jmI7k0p/BNIjQ6t4sFERI2sFeH73ybiZl6YQ==}
    engines: {node: '>=14.21.3'}
    cpu: [arm64]
    os: [linux]
    libc: [glibc]

  '@biomejs/cli-linux-x64-musl@2.5.4':
    resolution: {integrity: sha512-aby/PohmmgbShcHqFsZVzG8H6D98+P+A6xRWRrQcLW1pCjabcov5UUlke4UqNQBYTkDQav+jB4zyyDDeKB2GaA==}
    engines: {node: '>=14.21.3'}
    cpu: [x64]
    os: [linux]
    libc: [musl]

  '@biomejs/cli-linux-x64@2.5.4':
    resolution: {integrity: sha512-FNxojWJkL7EajAuzBgoLe0T2G0y112M4lBrDIFl/DomFTx8yqenYOIdsRLNXvOvBBofE8hJi85LjzLmBDpY7/Q==}
    engines: {node: '>=14.21.3'}
    cpu: [x64]
    os: [linux]
    libc: [glibc]

  '@biomejs/cli-win32-arm64@2.5.4':
    resolution: {integrity: sha512-emoXexPZIPAZkz2RKmA95WJUqK3I5MJNYtwEbL5ESciRzhmFMMyekDhNG8hpeOaK+ZGRDxAU4wvGuA5IHQ0h0w==}
    engines: {node: '>=14.21.3'}
    cpu: [arm64]
    os: [win32]

  '@biomejs/cli-win32-x64@2.5.4':
    resolution: {integrity: sha512-U1jaluLw1qQc2Tx7/CeSoL9N5XcqIH+GWjpUAy1ouB5nVjSCMNO+NNHdY3RAs8zxNurLWAdj6pehQdCA2zyU+Q==}
    engines: {node: '>=14.21.3'}
    cpu: [x64]
    os: [win32]

snapshots:

  '@biomejs/biome@2.5.4':
    optionalDependencies:
      '@biomejs/cli-darwin-arm64': 2.5.4
      '@biomejs/cli-darwin-x64': 2.5.4
      '@biomejs/cli-linux-arm64': 2.5.4
      '@biomejs/cli-linux-arm64-musl': 2.5.4
      '@biomejs/cli-linux-x64': 2.5.4
      '@biomejs/cli-linux-x64-musl': 2.5.4
      '@biomejs/cli-win32-arm64': 2.5.4
      '@biomejs/cli-win32-x64': 2.5.4

  '@biomejs/cli-darwin-arm64@2.5.4':
    optional: true

  '@biomejs/cli-darwin-x64@2.5.4':
    optional: true

  '@biomejs/cli-linux-arm64-musl@2.5.4':
    optional: true

  '@biomejs/cli-linux-arm64@2.5.4':
    optional: true

  '@biomejs/cli-linux-x64-musl@2.5.4':
    optional: true

  '@biomejs/cli-linux-x64@2.5.4':
    optional: true

  '@biomejs/cli-win32-arm64@2.5.4':
    optional: true

  '@biomejs/cli-win32-x64@2.5.4':
    optional: true
